name: rb-micromamba-env
channels:
- conda-forge
dependencies:
- _libgcc_mutex=0.1=conda_forge
- _openmp_mutex=4.5=2_gnu
- bzip2=1.0.8=h4bc722e_7
- c-ares=1.34.5=hb9d3cd8_0
- ca-certificates=2025.6.15=hbd8a1cb_0
- curl=8.14.1=h332b0f4_0
- htop=3.4.1=haa1a288_0
- jq=1.8.0=h73b1eb8_0
- keyutils=1.6.1=h166bdaf_0
- krb5=1.21.3=h659f571_0
- ld_impl_linux-64=2.43=h1423503_5
- libblas=3.9.0=32_h59b9bed_openblas
- libcblas=3.9.0=32_he106b2a_openblas
- libcurl=8.14.1=h332b0f4_0
- libedit=3.1.20250104=pl5321h7949ede_0
- libev=4.33=hd590300_2
- libexpat=2.7.0=h5888daf_0
- libffi=3.4.6=h2dba641_1
- libgcc=15.1.0=h767d61c_2
- libgcc-ng=15.1.0=h69a702a_2
- libgfortran=15.1.0=h69a702a_2
- libgfortran5=15.1.0=hcea5267_2
- libgomp=15.1.0=h767d61c_2
- liblapack=3.9.0=32_h7ac8fdf_openblas
- liblzma=5.8.1=hb9d3cd8_2
- libnghttp2=1.64.0=h161d5f1_0
- libnl=3.11.0=hb9d3cd8_0
- libnsl=2.0.1=hb9d3cd8_1
- libopenblas=0.3.30=pthreads_h94d23a6_0
- libsqlite=3.50.1=hee588c1_4
- libssh2=1.11.1=hcf80075_0
- libstdcxx=15.1.0=h8f9b012_2
- libstdcxx-ng=15.1.0=h4852527_2
- libuuid=2.38.1=h0b41bf4_0
- libxcb=1.17.0=h8a09558_0
- libxcrypt=4.4.36=hd590300_1
- libzlib=1.3.1=hb9d3cd8_2
- micromamba=2.1.1=0
- ncurses=6.5=h2d0b736_3
- numpy=2.2.6=py312h72c5963_0
- oniguruma=6.9.10=hb9d3cd8_0
- openssl=3.5.0=h7b32b05_1
- pandas=2.2.3=py312hf9745cd_3
- perl=5.32.1=7_hd590300_perl5
- pip=25.1.1=pyh8b19718_0
- procps-ng=4.0.4=haa1a288_0
- pthread-stubs=0.4=hb9d3cd8_1002
- python=3.12.11=h9e4cc4f_0_cpython
- python-dateutil=2.9.0.post0=pyhff2d567_1
- python-tzdata=2025.2=pyhd8ed1ab_0
- python_abi=3.12=7_cp312
- pytz=2025.2=pyhd8ed1ab_0
- readline=8.2=h8c095d6_2
- setuptools=80.9.0=pyhff2d567_0
- six=1.17.0=pyhd8ed1ab_0
- tk=8.6.13=noxft_hd72426e_102
- tzdata=2025b=h78e105d_0
- vim=9.1.1397=py312pl5321h419f9bc_0
- wheel=0.45.1=pyhd8ed1ab_1
- xorg-libice=1.1.2=hb9d3cd8_0
- xorg-libsm=1.2.6=he73a12e_0
- xorg-libx11=1.8.12=h4f16b4b_0
- xorg-libxau=1.0.12=hb9d3cd8_0
- xorg-libxdmcp=1.1.5=hb9d3cd8_0
- xorg-libxt=1.3.1=hb9d3cd8_0
- xorg-xorgproto=2024.1=hb9d3cd8_1
- zstd=1.5.7=hb8e6e7a_2
# prefix: /opt/conda/envs/rb-micromamba-env
